# This file is autogenerated, do not edit; changes may be undone by the next 'dep ensure'.


[[projects]]
  name = "github.com/satori/go.uuid"
  packages = ["."]
  revision = "f9ab0dce87d815821e221626b772e3475a0d2749"
  version = "v1.0.0"

[solve-meta]
  analyzer-name = "dep"
  analyzer-version = 1
  inputs-digest = "4bfe0a295f998a250c53fcf0757ab85c1ab64e8cfbfd362e37614b3c7ee0e3db"
  solver-name = "gps-cdcl"
  solver-version = 1
