# This file is autogenerated, do not edit; changes may be undone by the next 'dep ensure'.


[[projects]]
  name = "github.com/gofrs/uuid"
  packages = ["."]
  revision = "d41eeda0759468834c84365a32d1b1ec4264c75f"
  version = "v3.1.0"

[solve-meta]
  analyzer-name = "dep"
  analyzer-version = 1
  inputs-digest = "28fbbe8056c18abfa3ac2af6872cdf72774770f8893674b971bd9ef1e830c302"
  solver-name = "gps-cdcl"
  solver-version = 1
