# This file is autogenerated, do not edit; changes may be undone by the next 'dep ensure'.


[[projects]]
  name = "github.com/gofrs/uuid"
  packages = ["."]
  revision = "370558f003bfe29580cd0f698d8640daccdcc45c"
  version = "v3.1.1"

[solve-meta]
  analyzer-name = "dep"
  analyzer-version = 1
  inputs-digest = "e945b5cae30e2fa2d8929b15462350c53bae0efb899fea6734c77dc44565c9da"
  solver-name = "gps-cdcl"
  solver-version = 1
